
Microsoft Visual Studio Solution File, Format Version 12.00
# Visual Studio 15
VisualStudioVersion = 15.0.28010.2003
MinimumVisualStudioVersion = 10.0.40219.1
Project("{8BC9CEB8-8B4A-11D0-8D11-00A0C91BC942}") = "Keywords2", "Keywords2\Keywords2.vcxproj", "{EBC55D3B-77B6-41EB-B8FB-B4C2DF54ABCF}"
EndProject
Global
	GlobalSection(SolutionConfigurationPlatforms) = preSolution
		Debug|x64 = Debug|x64
		Debug|x86 = Debug|x86
		Release|x64 = Release|x64
		Release|x86 = Release|x86
	EndGlobalSection
	GlobalSection(ProjectConfigurationPlatforms) = postSolution
		{EBC55D3B-77B6-41EB-B8FB-B4C2DF54ABCF}.Debug|x64.ActiveCfg = Debug|x64
		{EBC55D3B-77B6-41EB-B8FB-B4C2DF54ABCF}.Debug|x64.Build.0 = Debug|x64
		{EBC55D3B-77B6-41EB-B8FB-B4C2DF54ABCF}.Debug|x86.ActiveCfg = Debug|Win32
		{EBC55D3B-77B6-41EB-B8FB-B4C2DF54ABCF}.Debug|x86.Build.0 = Debug|Win32
		{EBC55D3B-77B6-41EB-B8FB-B4C2DF54ABCF}.Release|x64.ActiveCfg = Release|x64
		{EBC55D3B-77B6-41EB-B8FB-B4C2DF54ABCF}.Release|x64.Build.0 = Release|x64
		{EBC55D3B-77B6-41EB-B8FB-B4C2DF54ABCF}.Release|x86.ActiveCfg = Release|Win32
		{EBC55D3B-77B6-41EB-B8FB-B4C2DF54ABCF}.Release|x86.Build.0 = Release|Win32
	EndGlobalSection
	GlobalSection(SolutionProperties) = preSolution
		HideSolutionNode = FALSE
	EndGlobalSection
	GlobalSection(ExtensibilityGlobals) = postSolution
		SolutionGuid = {6E2268E9-7A4F-43D2-A8B6-04E7CD9A305E}
	EndGlobalSection
EndGlobal
